<?xml version="1.0" encoding="utf-8"?>
<Project ToolsVersion="4.0" xmlns="http://schemas.microsoft.com/developer/msbuild/2003">
  <ItemGroup>
    <Filter Include="源文件">
      <UniqueIdentifier>{4FC737F1-C7A5-4376-A066-2A32D752A2FF}</UniqueIdentifier>
      <Extensions>cpp;c;cc;cxx;c++;cppm;ixx;def;odl;idl;hpj;bat;asm;asmx</Extensions>
    </Filter>
    <Filter Include="头文件">
      <UniqueIdentifier>{93995380-89BD-4b04-88EB-625FBE52EBFB}</UniqueIdentifier>
      <Extensions>h;hh;hpp;hxx;h++;hm;inl;inc;ipp;xsd</Extensions>
    </Filter>
    <Filter Include="资源文件">
      <UniqueIdentifier>{67DA6AB6-F800-4c08-8B7A-83BB121AAD01}</UniqueIdentifier>
      <Extensions>rc;ico;cur;bmp;dlg;rc2;rct;bin;rgs;gif;jpg;jpeg;jpe;resx;tiff;tif;png;wav;mfcribbon-ms</Extensions>
    </Filter>
    <Filter Include="源文件\查找">
      <UniqueIdentifier>{c3242bcf-38d3-4c53-ace5-1613b5dfe9c9}</UniqueIdentifier>
    </Filter>
    <Filter Include="源文件\NewFilter1">
      <UniqueIdentifier>{1d4a7984-048c-4afc-a057-ca165c86067d}</UniqueIdentifier>
    </Filter>
    <Filter Include="源文件\排序">
      <UniqueIdentifier>{28fe0485-8305-4a78-bf37-5acb89961476}</UniqueIdentifier>
    </Filter>
  </ItemGroup>
  <ItemGroup>
    <ClCompile Include="循环法查找.c">
      <Filter>源文件\查找</Filter>
    </ClCompile>
    <ClCompile Include="firstcode.c">
      <Filter>源文件\NewFilter1</Filter>
    </ClCompile>
    <ClCompile Include="递归法查找.c">
      <Filter>源文件\查找</Filter>
    </ClCompile>
    <ClCompile Include="main方法.c">
      <Filter>源文件\查找</Filter>
    </ClCompile>
    <ClCompile Include="main.c">
      <Filter>源文件\排序</Filter>
    </ClCompile>
    <ClCompile Include="直接插入排序.c">
      <Filter>源文件\排序</Filter>
    </ClCompile>
    <ClCompile Include="冒泡排序.c">
      <Filter>源文件\排序</Filter>
    </ClCompile>
    <ClCompile Include="快速排序.c">
      <Filter>源文件\排序</Filter>
    </ClCompile>
    <ClCompile Include="二路归并排序(合并排序).c">
      <Filter>源文件\排序</Filter>
    </ClCompile>
    <ClCompile Include="二路归并排序(合并排序)2.c">
      <Filter>源文件\排序</Filter>
    </ClCompile>
  </ItemGroup>
</Project>